
Microsoft Visual Studio Solution File, Format Version 12.00
# Visual Studio Version 17
VisualStudioVersion = 17.8.34525.116
MinimumVisualStudioVersion = 10.0.40219.1
Project("{FAE04EC0-301F-11D3-BF4B-00C04F79EFBC}") = "CardValidationApp", "CardValidationApp\CardValidationApp.csproj", "{62A33ABA-DDCA-49EB-9353-207A5FD421A8}"
EndProject
Global
	GlobalSection(SolutionConfigurationPlatforms) = preSolution
		Debug|Any CPU = Debug|Any CPU
		Release|Any CPU = Release|Any CPU
	EndGlobalSection
	GlobalSection(ProjectConfigurationPlatforms) = postSolution
		{62A33ABA-DDCA-49EB-9353-207A5FD421A8}.Debug|Any CPU.ActiveCfg = Debug|Any CPU
		{62A33ABA-DDCA-49EB-9353-207A5FD421A8}.Debug|Any CPU.Build.0 = Debug|Any CPU
		{62A33ABA-DDCA-49EB-9353-207A5FD421A8}.Release|Any CPU.ActiveCfg = Release|Any CPU
		{62A33ABA-DDCA-49EB-9353-207A5FD421A8}.Release|Any CPU.Build.0 = Release|Any CPU
	EndGlobalSection
	GlobalSection(SolutionProperties) = preSolution
		HideSolutionNode = FALSE
	EndGlobalSection
	GlobalSection(ExtensibilityGlobals) = postSolution
		SolutionGuid = {AECF4893-9B54-4523-B8EE-25AE249DC574}
	EndGlobalSection
EndGlobal
